
Microsoft Visual Studio Solution File, Format Version 12.00
# Visual Studio Version 17
VisualStudioVersion = 17.13.35825.156 d17.13
MinimumVisualStudioVersion = 10.0.40219.1
Project("{888888A0-9F3D-457C-B088-3A5042F75D52}") = "Hello world", "Hello world.pyproj", "{CABE12C2-2F29-48A7-99F8-1B070280D4DA}"
EndProject
Global
	GlobalSection(SolutionConfigurationPlatforms) = preSolution
		Debug|Any CPU = Debug|Any CPU
		Release|Any CPU = Release|Any CPU
	EndGlobalSection
	GlobalSection(ProjectConfigurationPlatforms) = postSolution
		{CABE12C2-2F29-48A7-99F8-1B070280D4DA}.Debug|Any CPU.ActiveCfg = Debug|Any CPU
		{CABE12C2-2F29-48A7-99F8-1B070280D4DA}.Release|Any CPU.ActiveCfg = Release|Any CPU
	EndGlobalSection
	GlobalSection(SolutionProperties) = preSolution
		HideSolutionNode = FALSE
	EndGlobalSection
	GlobalSection(ExtensibilityGlobals) = postSolution
		SolutionGuid = {1EF6DCE6-1C35-42EB-BA3C-B5CD8794E55D}
	EndGlobalSection
EndGlobal
